
Microsoft Visual Studio Solution File, Format Version 12.00
# Visual Studio 2013
VisualStudioVersion = 12.0.30501.0
MinimumVisualStudioVersion = 10.0.40219.1
Project("{FAE04EC0-301F-11D3-BF4B-00C04F79EFBC}") = "KoreCMS", "KoreCMS\KoreCMS.csproj", "{AD48AEBB-4A9A-4F00-B1BD-953B91DE65C7}"
EndProject
Project("{FAE04EC0-301F-11D3-BF4B-00C04F79EFBC}") = "Kore", "Kore\Kore.csproj", "{F5B45103-1BE4-401D-A90D-D4CD7A0AC5D4}"
EndProject
Project("{FAE04EC0-301F-11D3-BF4B-00C04F79EFBC}") = "Kore.Web", "Kore.Web\Kore.Web.csproj", "{36E2F817-E6E3-4942-9714-22547A68F79D}"
EndProject
Project("{FAE04EC0-301F-11D3-BF4B-00C04F79EFBC}") = "Kore.EntityFramework", "Kore.EntityFramework\Kore.EntityFramework.csproj", "{2A636196-0B16-484A-8DD8-4BAB656DEC08}"
EndProject
Project("{FAE04EC0-301F-11D3-BF4B-00C04F79EFBC}") = "Kore.Web.ContentManagement", "Kore.Web.ContentManagement\Kore.Web.ContentManagement.csproj", "{90EC17F4-D7C5-454F-9E56-947978525E88}"
EndProject
Project("{FAE04EC0-301F-11D3-BF4B-00C04F79EFBC}") = "Kore.Web.Mvc.Bootstrap", "Kore.Web.Mvc.Bootstrap\Kore.Web.Mvc.Bootstrap.csproj", "{23DB5812-5C4B-4C1F-AB5A-343832B67B7F}"
EndProject
Project("{FAE04EC0-301F-11D3-BF4B-00C04F79EFBC}") = "Kore.Web.Mvc.JQGrid", "Kore.Web.Mvc.JQGrid\Kore.Web.Mvc.JQGrid.csproj", "{C34242A7-BB0B-4172-9B53-196D377BEAC5}"
EndProject
Project("{FAE04EC0-301F-11D3-BF4B-00C04F79EFBC}") = "Kore.Web.Mvc.KendoUI", "Kore.Web.Mvc.KendoUI\Kore.Web.Mvc.KendoUI.csproj", "{AAE0DE6C-D0D6-4FF7-9EFA-8C09163246D0}"
EndProject
Project("{2150E333-8FDC-42A3-9474-1A3956D46DE8}") = "_SolutionItems", "_SolutionItems", "{FD60340E-B54E-4D09-B63A-58B37E79A3A2}"
	ProjectSection(SolutionItems) = preProject
		_SolutionItems\Licenses.txt = _SolutionItems\Licenses.txt
		_SolutionItems\TODO.txt = _SolutionItems\TODO.txt
		_SolutionItems\ToDo.xlsx = _SolutionItems\ToDo.xlsx
	EndProjectSection
EndProject
Project("{2150E333-8FDC-42A3-9474-1A3956D46DE8}") = "Plugins", "Plugins", "{D0FF54F4-3384-4B8F-A3B5-0B02F74143C8}"
EndProject
Project("{2150E333-8FDC-42A3-9474-1A3956D46DE8}") = "Optional", "Optional", "{001E2261-DC34-436C-9CC4-BE1561154E54}"
EndProject
Project("{FAE04EC0-301F-11D3-BF4B-00C04F79EFBC}") = "Kore.Plugins.Maintenance.Watchdog", "Plugins\Kore.Plugins.Maintenance.Watchdog\Kore.Plugins.Maintenance.Watchdog.csproj", "{A1401A4D-AE43-4254-935A-23A4C11D6185}"
EndProject
Project("{FAE04EC0-301F-11D3-BF4B-00C04F79EFBC}") = "Kore.WatchdogService", "Plugins\Kore.WatchdogService\Kore.WatchdogService.csproj", "{D1E6545C-2DDB-4A1D-B38B-48E2DC597AC4}"
EndProject
Project("{FAE04EC0-301F-11D3-BF4B-00C04F79EFBC}") = "Kore.Plugins.Widgets.View360", "Plugins\Kore.Plugins.Widgets.View360\Kore.Plugins.Widgets.View360.csproj", "{FA85EB00-0F20-4642-8F02-D92D6160514E}"
EndProject
Project("{FAE04EC0-301F-11D3-BF4B-00C04F79EFBC}") = "Kore.Plugins.Indexing.Lucene", "Plugins\Kore.Plugins.Indexing.Lucene\Kore.Plugins.Indexing.Lucene.csproj", "{CB0AA58B-F2B9-4EDB-9D4A-A8B438E1A830}"
EndProject
Project("{2150E333-8FDC-42A3-9474-1A3956D46DE8}") = "_Builds", "_Builds", "{2ED43291-13A7-4774-818A-379C7A1EC8EE}"
EndProject
Project("{2150E333-8FDC-42A3-9474-1A3956D46DE8}") = "Latest", "Latest", "{801FCF62-6E40-4218-9EDD-21E2CCFCA872}"
EndProject
Project("{2150E333-8FDC-42A3-9474-1A3956D46DE8}") = "v1.0.0", "v1.0.0", "{A5151BCB-FCEF-4ADF-98A8-B2792BEF6B01}"
EndProject
Project("{FAE04EC0-301F-11D3-BF4B-00C04F79EFBC}") = "Kore.Plugins.Widgets.Bootstrap3", "Plugins\Kore.Plugins.Widgets.Bootstrap3\Kore.Plugins.Widgets.Bootstrap3.csproj", "{310DCE69-E369-41D6-8BDA-CC641FEEF9E8}"
EndProject
Project("{FAE04EC0-301F-11D3-BF4B-00C04F79EFBC}") = "Kore.Plugins.Widgets.Google", "Plugins\Kore.Plugins.Widgets.Google\Kore.Plugins.Widgets.Google.csproj", "{CACB917B-6AAE-43D9-98BC-C919BF234DFE}"
EndProject
Project("{FAE04EC0-301F-11D3-BF4B-00C04F79EFBC}") = "Kore.Plugins.Widgets.FlexSlider", "Plugins\Kore.Plugins.Widgets.FlexSlider\Kore.Plugins.Widgets.FlexSlider.csproj", "{E8F20949-BF84-4481-B678-747DEACF5D80}"
EndProject
Project("{FAE04EC0-301F-11D3-BF4B-00C04F79EFBC}") = "Kore.Web.Common", "Kore.Web.Common\Kore.Web.Common.csproj", "{1DB0850E-9FA5-41DB-9C6A-7F43D37FDE8F}"
EndProject
Project("{FAE04EC0-301F-11D3-BF4B-00C04F79EFBC}") = "Kore.Plugins.Widgets.Bootstrap3.FormBuilder", "Plugins\Kore.Plugins.Widgets.Bootstrap3.FormBuilder\Kore.Plugins.Widgets.Bootstrap3.FormBuilder.csproj", "{5021B13C-A775-4F80-BA03-C1FD5C7DE4DB}"
EndProject
Project("{FAE04EC0-301F-11D3-BF4B-00C04F79EFBC}") = "Kore.Web.CommonResources", "Kore.Web.CommonResources\Kore.Web.CommonResources.csproj", "{C6EC3993-2D25-4758-A816-34603FC33FF5}"
EndProject
Project("{FAE04EC0-301F-11D3-BF4B-00C04F79EFBC}") = "Kore.Plugins.Widgets.FullCalendar", "Plugins\Kore.Plugins.Widgets.FullCalendar\Kore.Plugins.Widgets.FullCalendar.csproj", "{E60FD47E-6ADB-4331-BFC2-FCD5D640EB35}"
EndProject
Project("{FAE04EC0-301F-11D3-BF4B-00C04F79EFBC}") = "Kore.Plugins.Widgets.RoyalVideoPlayer", "Plugins\Kore.Plugins.Widgets.RoyalVideoPlayer\Kore.Plugins.Widgets.RoyalVideoPlayer.csproj", "{5F7BE6CA-FE13-4DFB-9277-40E649835AA4}"
EndProject
Project("{2150E333-8FDC-42A3-9474-1A3956D46DE8}") = "Lib", "Lib", "{EC957D42-20C5-4CCB-B47F-6DB7742CD966}"
EndProject
Project("{2150E333-8FDC-42A3-9474-1A3956D46DE8}") = "Phalanger4", "Phalanger4", "{F70F6F7F-2D80-4F3B-B14B-A7324BF2CBC6}"
	ProjectSection(SolutionItems) = preProject
		_SolutionItems\Lib\Phalanger4\Phalanger.targets = _SolutionItems\Lib\Phalanger4\Phalanger.targets
		_SolutionItems\Lib\Phalanger4\PHP.VisualStudio.PhalangerTasks.dll = _SolutionItems\Lib\Phalanger4\PHP.VisualStudio.PhalangerTasks.dll
		_SolutionItems\Lib\Phalanger4\PHP.VisualStudio.PhalangerTasks.pdb = _SolutionItems\Lib\Phalanger4\PHP.VisualStudio.PhalangerTasks.pdb
		_SolutionItems\Lib\Phalanger4\PHP.VisualStudio.PhalangerTasks.xml = _SolutionItems\Lib\Phalanger4\PHP.VisualStudio.PhalangerTasks.xml
		_SolutionItems\Lib\Phalanger4\phpc.exe = _SolutionItems\Lib\Phalanger4\phpc.exe
		_SolutionItems\Lib\Phalanger4\phpc.exe.config = _SolutionItems\Lib\Phalanger4\phpc.exe.config
		_SolutionItems\Lib\Phalanger4\phpc.xml = _SolutionItems\Lib\Phalanger4\phpc.xml
		_SolutionItems\Lib\Phalanger4\PhpNetClassLibrary.dll = _SolutionItems\Lib\Phalanger4\PhpNetClassLibrary.dll
		_SolutionItems\Lib\Phalanger4\PhpNetClassLibrary.xml = _SolutionItems\Lib\Phalanger4\PhpNetClassLibrary.xml
		_SolutionItems\Lib\Phalanger4\PhpNetCore.CodeDom.dll = _SolutionItems\Lib\Phalanger4\PhpNetCore.CodeDom.dll
		_SolutionItems\Lib\Phalanger4\PhpNetCore.CodeDom.pdb = _SolutionItems\Lib\Phalanger4\PhpNetCore.CodeDom.pdb
		_SolutionItems\Lib\Phalanger4\PhpNetCore.CodeDom.xml = _SolutionItems\Lib\Phalanger4\PhpNetCore.CodeDom.xml
		_SolutionItems\Lib\Phalanger4\PhpNetCore.dll = _SolutionItems\Lib\Phalanger4\PhpNetCore.dll
		_SolutionItems\Lib\Phalanger4\PhpNetCore.DuckTyping.dll = _SolutionItems\Lib\Phalanger4\PhpNetCore.DuckTyping.dll
		_SolutionItems\Lib\Phalanger4\PhpNetCore.DuckTyping.pdb = _SolutionItems\Lib\Phalanger4\PhpNetCore.DuckTyping.pdb
		_SolutionItems\Lib\Phalanger4\PhpNetCore.DuckTyping.xml = _SolutionItems\Lib\Phalanger4\PhpNetCore.DuckTyping.xml
		_SolutionItems\Lib\Phalanger4\PhpNetCore.Parsers.dll = _SolutionItems\Lib\Phalanger4\PhpNetCore.Parsers.dll
		_SolutionItems\Lib\Phalanger4\PhpNetCore.Parsers.pdb = _SolutionItems\Lib\Phalanger4\PhpNetCore.Parsers.pdb
		_SolutionItems\Lib\Phalanger4\PhpNetCore.Parsers.xml = _SolutionItems\Lib\Phalanger4\PhpNetCore.Parsers.xml
		_SolutionItems\Lib\Phalanger4\PhpNetCore.xml = _SolutionItems\Lib\Phalanger4\PhpNetCore.xml
		_SolutionItems\Lib\Phalanger4\PhpNetCurl.dll = _SolutionItems\Lib\Phalanger4\PhpNetCurl.dll
		_SolutionItems\Lib\Phalanger4\PhpNetCurl.pdb = _SolutionItems\Lib\Phalanger4\PhpNetCurl.pdb
		_SolutionItems\Lib\Phalanger4\PhpNetCurl.xml = _SolutionItems\Lib\Phalanger4\PhpNetCurl.xml
		_SolutionItems\Lib\Phalanger4\PhpNetGd2.dll = _SolutionItems\Lib\Phalanger4\PhpNetGd2.dll
		_SolutionItems\Lib\Phalanger4\PhpNetGd2.pdb = _SolutionItems\Lib\Phalanger4\PhpNetGd2.pdb
		_SolutionItems\Lib\Phalanger4\PhpNetGd2.xml = _SolutionItems\Lib\Phalanger4\PhpNetGd2.xml
		_SolutionItems\Lib\Phalanger4\PhpNetIconv.dll = _SolutionItems\Lib\Phalanger4\PhpNetIconv.dll
		_SolutionItems\Lib\Phalanger4\PhpNetIconv.xml = _SolutionItems\Lib\Phalanger4\PhpNetIconv.xml
		_SolutionItems\Lib\Phalanger4\PhpNetMbstring.dll = _SolutionItems\Lib\Phalanger4\PhpNetMbstring.dll
		_SolutionItems\Lib\Phalanger4\PhpNetMbstring.xml = _SolutionItems\Lib\Phalanger4\PhpNetMbstring.xml
		_SolutionItems\Lib\Phalanger4\PhpNetMsSql.dll = _SolutionItems\Lib\Phalanger4\PhpNetMsSql.dll
		_SolutionItems\Lib\Phalanger4\PhpNetMsSql.xml = _SolutionItems\Lib\Phalanger4\PhpNetMsSql.xml
		_SolutionItems\Lib\Phalanger4\PhpNetPDO.dll = _SolutionItems\Lib\Phalanger4\PhpNetPDO.dll
		_SolutionItems\Lib\Phalanger4\PhpNetPDO.xml = _SolutionItems\Lib\Phalanger4\PhpNetPDO.xml
		_SolutionItems\Lib\Phalanger4\PhpNetPDOSQLite.dll = _SolutionItems\Lib\Phalanger4\PhpNetPDOSQLite.dll
		_SolutionItems\Lib\Phalanger4\PhpNetPDOSQLite.pdb = _SolutionItems\Lib\Phalanger4\PhpNetPDOSQLite.pdb
		_SolutionItems\Lib\Phalanger4\PhpNetPDOSQLite.xml = _SolutionItems\Lib\Phalanger4\PhpNetPDOSQLite.xml
		_SolutionItems\Lib\Phalanger4\PhpNetPDOSQLServer.dll = _SolutionItems\Lib\Phalanger4\PhpNetPDOSQLServer.dll
		_SolutionItems\Lib\Phalanger4\PhpNetPDOSQLServer.pdb = _SolutionItems\Lib\Phalanger4\PhpNetPDOSQLServer.pdb
		_SolutionItems\Lib\Phalanger4\PhpNetPDOSQLServer.xml = _SolutionItems\Lib\Phalanger4\PhpNetPDOSQLServer.xml
		_SolutionItems\Lib\Phalanger4\PhpNetSoap.dll = _SolutionItems\Lib\Phalanger4\PhpNetSoap.dll
		_SolutionItems\Lib\Phalanger4\PhpNetSoap.pdb = _SolutionItems\Lib\Phalanger4\PhpNetSoap.pdb
		_SolutionItems\Lib\Phalanger4\PhpNetSoap.xml = _SolutionItems\Lib\Phalanger4\PhpNetSoap.xml
		_SolutionItems\Lib\Phalanger4\PhpNetSQLite.dll = _SolutionItems\Lib\Phalanger4\PhpNetSQLite.dll
		_SolutionItems\Lib\Phalanger4\PhpNetSQLite.pdb = _SolutionItems\Lib\Phalanger4\PhpNetSQLite.pdb
		_SolutionItems\Lib\Phalanger4\PhpNetSQLite.xml = _SolutionItems\Lib\Phalanger4\PhpNetSQLite.xml
		_SolutionItems\Lib\Phalanger4\PhpNetXml.dll = _SolutionItems\Lib\Phalanger4\PhpNetXml.dll
		_SolutionItems\Lib\Phalanger4\PhpNetXml.xml = _SolutionItems\Lib\Phalanger4\PhpNetXml.xml
		_SolutionItems\Lib\Phalanger4\PhpNetXmlDom.dll = _SolutionItems\Lib\Phalanger4\PhpNetXmlDom.dll
		_SolutionItems\Lib\Phalanger4\PhpNetXmlDom.xml = _SolutionItems\Lib\Phalanger4\PhpNetXmlDom.xml
		_SolutionItems\Lib\Phalanger4\PhpNetZip.dll = _SolutionItems\Lib\Phalanger4\PhpNetZip.dll
		_SolutionItems\Lib\Phalanger4\PhpNetZip.pdb = _SolutionItems\Lib\Phalanger4\PhpNetZip.pdb
		_SolutionItems\Lib\Phalanger4\PhpNetZip.xml = _SolutionItems\Lib\Phalanger4\PhpNetZip.xml
		_SolutionItems\Lib\Phalanger4\PhpNetZlib.dll = _SolutionItems\Lib\Phalanger4\PhpNetZlib.dll
		_SolutionItems\Lib\Phalanger4\PhpNetZlib.xml = _SolutionItems\Lib\Phalanger4\PhpNetZlib.xml
		_SolutionItems\Lib\Phalanger4\System.Data.SQLite.dll = _SolutionItems\Lib\Phalanger4\System.Data.SQLite.dll
		_SolutionItems\Lib\Phalanger4\System.Data.SQLite.pdb = _SolutionItems\Lib\Phalanger4\System.Data.SQLite.pdb
		_SolutionItems\Lib\Phalanger4\System.Data.SQLite.xml = _SolutionItems\Lib\Phalanger4\System.Data.SQLite.xml
	EndProjectSection
EndProject
Project("{FAE04EC0-301F-11D3-BF4B-00C04F79EFBC}") = "Kore.Web.Php", "Kore.Web.Php\Kore.Web.Php.csproj", "{61DF3750-D1CB-4EC5-B69E-5DC2F1984D32}"
EndProject
Project("{2150E333-8FDC-42A3-9474-1A3956D46DE8}") = "Articles", "Articles", "{45014FBA-49D2-4A37-A629-736054A2CBF3}"
	ProjectSection(SolutionItems) = preProject
		_SolutionItems\Articles\CodeProject_ResponsiveFileManager.html = _SolutionItems\Articles\CodeProject_ResponsiveFileManager.html
	EndProjectSection
EndProject
Project("{FAE04EC0-301F-11D3-BF4B-00C04F79EFBC}") = "Kore.Plugins.Ecommerce.Simple", "Plugins\Kore.Plugins.Ecommerce.Simple\Kore.Plugins.Ecommerce.Simple.csproj", "{F8E56256-C629-49C7-94B7-6A0FE551ACED}"
EndProject
Project("{FAE04EC0-301F-11D3-BF4B-00C04F79EFBC}") = "Kore.Plugins.Widgets.OwlCarousel", "Plugins\Kore.Plugins.Widgets.OwlCarousel\Kore.Plugins.Widgets.OwlCarousel.csproj", "{4AC641D7-94CD-449C-883D-E4C93363AF5D}"
EndProject
Global
	GlobalSection(SubversionScc) = preSolution
		Svn-Managed = True
		Manager = AnkhSVN - Subversion Support for Visual Studio
	EndGlobalSection
	GlobalSection(SolutionConfigurationPlatforms) = preSolution
		Debug|Any CPU = Debug|Any CPU
		Release|Any CPU = Release|Any CPU
	EndGlobalSection
	GlobalSection(ProjectConfigurationPlatforms) = postSolution
		{AD48AEBB-4A9A-4F00-B1BD-953B91DE65C7}.Debug|Any CPU.ActiveCfg = Debug|Any CPU
		{AD48AEBB-4A9A-4F00-B1BD-953B91DE65C7}.Debug|Any CPU.Build.0 = Debug|Any CPU
		{AD48AEBB-4A9A-4F00-B1BD-953B91DE65C7}.Release|Any CPU.ActiveCfg = Release|Any CPU
		{AD48AEBB-4A9A-4F00-B1BD-953B91DE65C7}.Release|Any CPU.Build.0 = Release|Any CPU
		{F5B45103-1BE4-401D-A90D-D4CD7A0AC5D4}.Debug|Any CPU.ActiveCfg = Debug|Any CPU
		{F5B45103-1BE4-401D-A90D-D4CD7A0AC5D4}.Debug|Any CPU.Build.0 = Debug|Any CPU
		{F5B45103-1BE4-401D-A90D-D4CD7A0AC5D4}.Release|Any CPU.ActiveCfg = Release|Any CPU
		{F5B45103-1BE4-401D-A90D-D4CD7A0AC5D4}.Release|Any CPU.Build.0 = Release|Any CPU
		{36E2F817-E6E3-4942-9714-22547A68F79D}.Debug|Any CPU.ActiveCfg = Debug|Any CPU
		{36E2F817-E6E3-4942-9714-22547A68F79D}.Debug|Any CPU.Build.0 = Debug|Any CPU
		{36E2F817-E6E3-4942-9714-22547A68F79D}.Release|Any CPU.ActiveCfg = Release|Any CPU
		{36E2F817-E6E3-4942-9714-22547A68F79D}.Release|Any CPU.Build.0 = Release|Any CPU
		{2A636196-0B16-484A-8DD8-4BAB656DEC08}.Debug|Any CPU.ActiveCfg = Debug|Any CPU
		{2A636196-0B16-484A-8DD8-4BAB656DEC08}.Debug|Any CPU.Build.0 = Debug|Any CPU
		{2A636196-0B16-484A-8DD8-4BAB656DEC08}.Release|Any CPU.ActiveCfg = Release|Any CPU
		{2A636196-0B16-484A-8DD8-4BAB656DEC08}.Release|Any CPU.Build.0 = Release|Any CPU
		{90EC17F4-D7C5-454F-9E56-947978525E88}.Debug|Any CPU.ActiveCfg = Debug|Any CPU
		{90EC17F4-D7C5-454F-9E56-947978525E88}.Debug|Any CPU.Build.0 = Debug|Any CPU
		{90EC17F4-D7C5-454F-9E56-947978525E88}.Release|Any CPU.ActiveCfg = Release|Any CPU
		{90EC17F4-D7C5-454F-9E56-947978525E88}.Release|Any CPU.Build.0 = Release|Any CPU
		{23DB5812-5C4B-4C1F-AB5A-343832B67B7F}.Debug|Any CPU.ActiveCfg = Debug|Any CPU
		{23DB5812-5C4B-4C1F-AB5A-343832B67B7F}.Debug|Any CPU.Build.0 = Debug|Any CPU
		{23DB5812-5C4B-4C1F-AB5A-343832B67B7F}.Release|Any CPU.ActiveCfg = Release|Any CPU
		{23DB5812-5C4B-4C1F-AB5A-343832B67B7F}.Release|Any CPU.Build.0 = Release|Any CPU
		{C34242A7-BB0B-4172-9B53-196D377BEAC5}.Debug|Any CPU.ActiveCfg = Debug|Any CPU
		{C34242A7-BB0B-4172-9B53-196D377BEAC5}.Debug|Any CPU.Build.0 = Debug|Any CPU
		{C34242A7-BB0B-4172-9B53-196D377BEAC5}.Release|Any CPU.ActiveCfg = Release|Any CPU
		{C34242A7-BB0B-4172-9B53-196D377BEAC5}.Release|Any CPU.Build.0 = Release|Any CPU
		{AAE0DE6C-D0D6-4FF7-9EFA-8C09163246D0}.Debug|Any CPU.ActiveCfg = Debug|Any CPU
		{AAE0DE6C-D0D6-4FF7-9EFA-8C09163246D0}.Debug|Any CPU.Build.0 = Debug|Any CPU
		{AAE0DE6C-D0D6-4FF7-9EFA-8C09163246D0}.Release|Any CPU.ActiveCfg = Release|Any CPU
		{AAE0DE6C-D0D6-4FF7-9EFA-8C09163246D0}.Release|Any CPU.Build.0 = Release|Any CPU
		{A1401A4D-AE43-4254-935A-23A4C11D6185}.Debug|Any CPU.ActiveCfg = Debug|Any CPU
		{A1401A4D-AE43-4254-935A-23A4C11D6185}.Debug|Any CPU.Build.0 = Debug|Any CPU
		{A1401A4D-AE43-4254-935A-23A4C11D6185}.Release|Any CPU.ActiveCfg = Release|Any CPU
		{A1401A4D-AE43-4254-935A-23A4C11D6185}.Release|Any CPU.Build.0 = Release|Any CPU
		{D1E6545C-2DDB-4A1D-B38B-48E2DC597AC4}.Debug|Any CPU.ActiveCfg = Debug|Any CPU
		{D1E6545C-2DDB-4A1D-B38B-48E2DC597AC4}.Debug|Any CPU.Build.0 = Debug|Any CPU
		{D1E6545C-2DDB-4A1D-B38B-48E2DC597AC4}.Release|Any CPU.ActiveCfg = Release|Any CPU
		{D1E6545C-2DDB-4A1D-B38B-48E2DC597AC4}.Release|Any CPU.Build.0 = Release|Any CPU
		{FA85EB00-0F20-4642-8F02-D92D6160514E}.Debug|Any CPU.ActiveCfg = Debug|Any CPU
		{FA85EB00-0F20-4642-8F02-D92D6160514E}.Debug|Any CPU.Build.0 = Debug|Any CPU
		{FA85EB00-0F20-4642-8F02-D92D6160514E}.Release|Any CPU.ActiveCfg = Release|Any CPU
		{FA85EB00-0F20-4642-8F02-D92D6160514E}.Release|Any CPU.Build.0 = Release|Any CPU
		{CB0AA58B-F2B9-4EDB-9D4A-A8B438E1A830}.Debug|Any CPU.ActiveCfg = Debug|Any CPU
		{CB0AA58B-F2B9-4EDB-9D4A-A8B438E1A830}.Debug|Any CPU.Build.0 = Debug|Any CPU
		{CB0AA58B-F2B9-4EDB-9D4A-A8B438E1A830}.Release|Any CPU.ActiveCfg = Release|Any CPU
		{CB0AA58B-F2B9-4EDB-9D4A-A8B438E1A830}.Release|Any CPU.Build.0 = Release|Any CPU
		{310DCE69-E369-41D6-8BDA-CC641FEEF9E8}.Debug|Any CPU.ActiveCfg = Debug|Any CPU
		{310DCE69-E369-41D6-8BDA-CC641FEEF9E8}.Debug|Any CPU.Build.0 = Debug|Any CPU
		{310DCE69-E369-41D6-8BDA-CC641FEEF9E8}.Release|Any CPU.ActiveCfg = Release|Any CPU
		{310DCE69-E369-41D6-8BDA-CC641FEEF9E8}.Release|Any CPU.Build.0 = Release|Any CPU
		{CACB917B-6AAE-43D9-98BC-C919BF234DFE}.Debug|Any CPU.ActiveCfg = Debug|Any CPU
		{CACB917B-6AAE-43D9-98BC-C919BF234DFE}.Debug|Any CPU.Build.0 = Debug|Any CPU
		{CACB917B-6AAE-43D9-98BC-C919BF234DFE}.Release|Any CPU.ActiveCfg = Release|Any CPU
		{CACB917B-6AAE-43D9-98BC-C919BF234DFE}.Release|Any CPU.Build.0 = Release|Any CPU
		{E8F20949-BF84-4481-B678-747DEACF5D80}.Debug|Any CPU.ActiveCfg = Debug|Any CPU
		{E8F20949-BF84-4481-B678-747DEACF5D80}.Debug|Any CPU.Build.0 = Debug|Any CPU
		{E8F20949-BF84-4481-B678-747DEACF5D80}.Release|Any CPU.ActiveCfg = Release|Any CPU
		{E8F20949-BF84-4481-B678-747DEACF5D80}.Release|Any CPU.Build.0 = Release|Any CPU
		{1DB0850E-9FA5-41DB-9C6A-7F43D37FDE8F}.Debug|Any CPU.ActiveCfg = Debug|Any CPU
		{1DB0850E-9FA5-41DB-9C6A-7F43D37FDE8F}.Debug|Any CPU.Build.0 = Debug|Any CPU
		{1DB0850E-9FA5-41DB-9C6A-7F43D37FDE8F}.Release|Any CPU.ActiveCfg = Release|Any CPU
		{1DB0850E-9FA5-41DB-9C6A-7F43D37FDE8F}.Release|Any CPU.Build.0 = Release|Any CPU
		{5021B13C-A775-4F80-BA03-C1FD5C7DE4DB}.Debug|Any CPU.ActiveCfg = Debug|Any CPU
		{5021B13C-A775-4F80-BA03-C1FD5C7DE4DB}.Debug|Any CPU.Build.0 = Debug|Any CPU
		{5021B13C-A775-4F80-BA03-C1FD5C7DE4DB}.Release|Any CPU.ActiveCfg = Release|Any CPU
		{5021B13C-A775-4F80-BA03-C1FD5C7DE4DB}.Release|Any CPU.Build.0 = Release|Any CPU
		{C6EC3993-2D25-4758-A816-34603FC33FF5}.Debug|Any CPU.ActiveCfg = Debug|Any CPU
		{C6EC3993-2D25-4758-A816-34603FC33FF5}.Debug|Any CPU.Build.0 = Debug|Any CPU
		{C6EC3993-2D25-4758-A816-34603FC33FF5}.Release|Any CPU.ActiveCfg = Release|Any CPU
		{C6EC3993-2D25-4758-A816-34603FC33FF5}.Release|Any CPU.Build.0 = Release|Any CPU
		{E60FD47E-6ADB-4331-BFC2-FCD5D640EB35}.Debug|Any CPU.ActiveCfg = Debug|Any CPU
		{E60FD47E-6ADB-4331-BFC2-FCD5D640EB35}.Debug|Any CPU.Build.0 = Debug|Any CPU
		{E60FD47E-6ADB-4331-BFC2-FCD5D640EB35}.Release|Any CPU.ActiveCfg = Release|Any CPU
		{E60FD47E-6ADB-4331-BFC2-FCD5D640EB35}.Release|Any CPU.Build.0 = Release|Any CPU
		{5F7BE6CA-FE13-4DFB-9277-40E649835AA4}.Debug|Any CPU.ActiveCfg = Debug|Any CPU
		{5F7BE6CA-FE13-4DFB-9277-40E649835AA4}.Debug|Any CPU.Build.0 = Debug|Any CPU
		{5F7BE6CA-FE13-4DFB-9277-40E649835AA4}.Release|Any CPU.ActiveCfg = Release|Any CPU
		{5F7BE6CA-FE13-4DFB-9277-40E649835AA4}.Release|Any CPU.Build.0 = Release|Any CPU
		{61DF3750-D1CB-4EC5-B69E-5DC2F1984D32}.Debug|Any CPU.ActiveCfg = Debug|Any CPU
		{61DF3750-D1CB-4EC5-B69E-5DC2F1984D32}.Debug|Any CPU.Build.0 = Debug|Any CPU
		{61DF3750-D1CB-4EC5-B69E-5DC2F1984D32}.Release|Any CPU.ActiveCfg = Release|Any CPU
		{61DF3750-D1CB-4EC5-B69E-5DC2F1984D32}.Release|Any CPU.Build.0 = Release|Any CPU
		{F8E56256-C629-49C7-94B7-6A0FE551ACED}.Debug|Any CPU.ActiveCfg = Debug|Any CPU
		{F8E56256-C629-49C7-94B7-6A0FE551ACED}.Debug|Any CPU.Build.0 = Debug|Any CPU
		{F8E56256-C629-49C7-94B7-6A0FE551ACED}.Release|Any CPU.ActiveCfg = Release|Any CPU
		{F8E56256-C629-49C7-94B7-6A0FE551ACED}.Release|Any CPU.Build.0 = Release|Any CPU
		{4AC641D7-94CD-449C-883D-E4C93363AF5D}.Debug|Any CPU.ActiveCfg = Debug|Any CPU
		{4AC641D7-94CD-449C-883D-E4C93363AF5D}.Debug|Any CPU.Build.0 = Debug|Any CPU
		{4AC641D7-94CD-449C-883D-E4C93363AF5D}.Release|Any CPU.ActiveCfg = Release|Any CPU
		{4AC641D7-94CD-449C-883D-E4C93363AF5D}.Release|Any CPU.Build.0 = Release|Any CPU
	EndGlobalSection
	GlobalSection(SolutionProperties) = preSolution
		HideSolutionNode = FALSE
	EndGlobalSection
	GlobalSection(NestedProjects) = preSolution
		{23DB5812-5C4B-4C1F-AB5A-343832B67B7F} = {001E2261-DC34-436C-9CC4-BE1561154E54}
		{C34242A7-BB0B-4172-9B53-196D377BEAC5} = {001E2261-DC34-436C-9CC4-BE1561154E54}
		{AAE0DE6C-D0D6-4FF7-9EFA-8C09163246D0} = {001E2261-DC34-436C-9CC4-BE1561154E54}
		{A1401A4D-AE43-4254-935A-23A4C11D6185} = {D0FF54F4-3384-4B8F-A3B5-0B02F74143C8}
		{D1E6545C-2DDB-4A1D-B38B-48E2DC597AC4} = {D0FF54F4-3384-4B8F-A3B5-0B02F74143C8}
		{FA85EB00-0F20-4642-8F02-D92D6160514E} = {D0FF54F4-3384-4B8F-A3B5-0B02F74143C8}
		{CB0AA58B-F2B9-4EDB-9D4A-A8B438E1A830} = {D0FF54F4-3384-4B8F-A3B5-0B02F74143C8}
		{801FCF62-6E40-4218-9EDD-21E2CCFCA872} = {2ED43291-13A7-4774-818A-379C7A1EC8EE}
		{A5151BCB-FCEF-4ADF-98A8-B2792BEF6B01} = {2ED43291-13A7-4774-818A-379C7A1EC8EE}
		{310DCE69-E369-41D6-8BDA-CC641FEEF9E8} = {D0FF54F4-3384-4B8F-A3B5-0B02F74143C8}
		{CACB917B-6AAE-43D9-98BC-C919BF234DFE} = {D0FF54F4-3384-4B8F-A3B5-0B02F74143C8}
		{E8F20949-BF84-4481-B678-747DEACF5D80} = {D0FF54F4-3384-4B8F-A3B5-0B02F74143C8}
		{5021B13C-A775-4F80-BA03-C1FD5C7DE4DB} = {D0FF54F4-3384-4B8F-A3B5-0B02F74143C8}
		{E60FD47E-6ADB-4331-BFC2-FCD5D640EB35} = {D0FF54F4-3384-4B8F-A3B5-0B02F74143C8}
		{5F7BE6CA-FE13-4DFB-9277-40E649835AA4} = {D0FF54F4-3384-4B8F-A3B5-0B02F74143C8}
		{EC957D42-20C5-4CCB-B47F-6DB7742CD966} = {FD60340E-B54E-4D09-B63A-58B37E79A3A2}
		{F70F6F7F-2D80-4F3B-B14B-A7324BF2CBC6} = {EC957D42-20C5-4CCB-B47F-6DB7742CD966}
		{45014FBA-49D2-4A37-A629-736054A2CBF3} = {FD60340E-B54E-4D09-B63A-58B37E79A3A2}
		{F8E56256-C629-49C7-94B7-6A0FE551ACED} = {D0FF54F4-3384-4B8F-A3B5-0B02F74143C8}
		{4AC641D7-94CD-449C-883D-E4C93363AF5D} = {D0FF54F4-3384-4B8F-A3B5-0B02F74143C8}
	EndGlobalSection
EndGlobal
